
Microsoft Visual Studio Solution File, Format Version 12.00
# Visual Studio 15
Project("{FAE04EC0-301F-11D3-BF4B-00C04F79EFBC}") = "Captive_Portal", "Captive_Portal.csproj", "{61BAC1F5-0741-473F-B42C-B6FECB0C3A74}"
EndProject
Global
	GlobalSection(SolutionConfigurationPlatforms) = preSolution
		Debug|Any CPU = Debug|Any CPU
		Release|Any CPU = Release|Any CPU
	EndGlobalSection
	GlobalSection(ProjectConfigurationPlatforms) = postSolution
		{61BAC1F5-0741-473F-B42C-B6FECB0C3A74}.Debug|Any CPU.ActiveCfg = Debug|Any CPU
		{61BAC1F5-0741-473F-B42C-B6FECB0C3A74}.Debug|Any CPU.Build.0 = Debug|Any CPU
		{61BAC1F5-0741-473F-B42C-B6FECB0C3A74}.Release|Any CPU.ActiveCfg = Release|Any CPU
		{61BAC1F5-0741-473F-B42C-B6FECB0C3A74}.Release|Any CPU.Build.0 = Release|Any CPU
	EndGlobalSection
EndGlobal
